
Microsoft Visual Studio Solution File, Format Version 12.00
# Visual Studio Version 17
VisualStudioVersion = 17.4.33110.190
MinimumVisualStudioVersion = 10.0.40219.1
Project("{FAE04EC0-301F-11D3-BF4B-00C04F79EFBC}") = "QR_SOSAPB1", "QR_SOSAPB1.csproj", "{F293CD0C-3412-43EA-8AE1-36FE86FC8A47}"
EndProject
Global
	GlobalSection(SolutionConfigurationPlatforms) = preSolution
		Debug|Any CPU = Debug|Any CPU
		Release|Any CPU = Release|Any CPU
	EndGlobalSection
	GlobalSection(ProjectConfigurationPlatforms) = postSolution
		{F293CD0C-3412-43EA-8AE1-36FE86FC8A47}.Debug|Any CPU.ActiveCfg = Debug|Any CPU
		{F293CD0C-3412-43EA-8AE1-36FE86FC8A47}.Debug|Any CPU.Build.0 = Debug|Any CPU
		{F293CD0C-3412-43EA-8AE1-36FE86FC8A47}.Release|Any CPU.ActiveCfg = Release|Any CPU
		{F293CD0C-3412-43EA-8AE1-36FE86FC8A47}.Release|Any CPU.Build.0 = Release|Any CPU
	EndGlobalSection
	GlobalSection(SolutionProperties) = preSolution
		HideSolutionNode = FALSE
	EndGlobalSection
	GlobalSection(ExtensibilityGlobals) = postSolution
		SolutionGuid = {5A631923-C999-4B9F-A053-D4FAEF734013}
	EndGlobalSection
EndGlobal
